
Microsoft Visual Studio Solution File, Format Version 12.00
# Visual Studio Version 17
VisualStudioVersion = 17.3.32929.385
MinimumVisualStudioVersion = 10.0.40219.1
Project("{FAE04EC0-301F-11D3-BF4B-00C04F79EFBC}") = "Siesa Expenses.Android", "Siesa Expenses.Android\Siesa Expenses.Android.csproj", "{83283098-4E16-4C66-BA78-42A8DF439A85}"
EndProject
Project("{FAE04EC0-301F-11D3-BF4B-00C04F79EFBC}") = "Siesa Expenses.iOS", "Siesa Expenses.iOS\Siesa Expenses.iOS.csproj", "{2FD51EF7-9549-41FA-B2E8-A46A0BBE17E4}"
EndProject
Project("{FAE04EC0-301F-11D3-BF4B-00C04F79EFBC}") = "Siesa Expenses", "Siesa Expenses\Siesa Expenses.csproj", "{D36DDD2E-FFCB-40F7-9513-5C576E74428D}"
EndProject
Global
	GlobalSection(SolutionConfigurationPlatforms) = preSolution
		Debug|Any CPU = Debug|Any CPU
		Debug|iPhone = Debug|iPhone
		Debug|iPhoneSimulator = Debug|iPhoneSimulator
		Release|Any CPU = Release|Any CPU
		Release|iPhone = Release|iPhone
		Release|iPhoneSimulator = Release|iPhoneSimulator
	EndGlobalSection
	GlobalSection(ProjectConfigurationPlatforms) = postSolution
		{83283098-4E16-4C66-BA78-42A8DF439A85}.Debug|Any CPU.ActiveCfg = Debug|Any CPU
		{83283098-4E16-4C66-BA78-42A8DF439A85}.Debug|Any CPU.Build.0 = Debug|Any CPU
		{83283098-4E16-4C66-BA78-42A8DF439A85}.Debug|Any CPU.Deploy.0 = Debug|Any CPU
		{83283098-4E16-4C66-BA78-42A8DF439A85}.Debug|iPhone.ActiveCfg = Debug|Any CPU
		{83283098-4E16-4C66-BA78-42A8DF439A85}.Debug|iPhone.Build.0 = Debug|Any CPU
		{83283098-4E16-4C66-BA78-42A8DF439A85}.Debug|iPhone.Deploy.0 = Debug|Any CPU
		{83283098-4E16-4C66-BA78-42A8DF439A85}.Debug|iPhoneSimulator.ActiveCfg = Debug|Any CPU
		{83283098-4E16-4C66-BA78-42A8DF439A85}.Debug|iPhoneSimulator.Build.0 = Debug|Any CPU
		{83283098-4E16-4C66-BA78-42A8DF439A85}.Debug|iPhoneSimulator.Deploy.0 = Debug|Any CPU
		{83283098-4E16-4C66-BA78-42A8DF439A85}.Release|Any CPU.ActiveCfg = Release|Any CPU
		{83283098-4E16-4C66-BA78-42A8DF439A85}.Release|Any CPU.Build.0 = Release|Any CPU
		{83283098-4E16-4C66-BA78-42A8DF439A85}.Release|Any CPU.Deploy.0 = Release|Any CPU
		{83283098-4E16-4C66-BA78-42A8DF439A85}.Release|iPhone.ActiveCfg = Release|Any CPU
		{83283098-4E16-4C66-BA78-42A8DF439A85}.Release|iPhone.Build.0 = Release|Any CPU
		{83283098-4E16-4C66-BA78-42A8DF439A85}.Release|iPhone.Deploy.0 = Release|Any CPU
		{83283098-4E16-4C66-BA78-42A8DF439A85}.Release|iPhoneSimulator.ActiveCfg = Release|Any CPU
		{83283098-4E16-4C66-BA78-42A8DF439A85}.Release|iPhoneSimulator.Build.0 = Release|Any CPU
		{83283098-4E16-4C66-BA78-42A8DF439A85}.Release|iPhoneSimulator.Deploy.0 = Release|Any CPU
		{2FD51EF7-9549-41FA-B2E8-A46A0BBE17E4}.Debug|Any CPU.ActiveCfg = Debug|iPhone
		{2FD51EF7-9549-41FA-B2E8-A46A0BBE17E4}.Debug|Any CPU.Build.0 = Debug|iPhone
		{2FD51EF7-9549-41FA-B2E8-A46A0BBE17E4}.Debug|Any CPU.Deploy.0 = Debug|iPhone
		{2FD51EF7-9549-41FA-B2E8-A46A0BBE17E4}.Debug|iPhone.ActiveCfg = Debug|iPhone
		{2FD51EF7-9549-41FA-B2E8-A46A0BBE17E4}.Debug|iPhone.Build.0 = Debug|iPhone
		{2FD51EF7-9549-41FA-B2E8-A46A0BBE17E4}.Debug|iPhone.Deploy.0 = Debug|iPhone
		{2FD51EF7-9549-41FA-B2E8-A46A0BBE17E4}.Debug|iPhoneSimulator.ActiveCfg = Debug|iPhoneSimulator
		{2FD51EF7-9549-41FA-B2E8-A46A0BBE17E4}.Debug|iPhoneSimulator.Build.0 = Debug|iPhoneSimulator
		{2FD51EF7-9549-41FA-B2E8-A46A0BBE17E4}.Debug|iPhoneSimulator.Deploy.0 = Debug|iPhoneSimulator
		{2FD51EF7-9549-41FA-B2E8-A46A0BBE17E4}.Release|Any CPU.ActiveCfg = Release|iPhoneSimulator
		{2FD51EF7-9549-41FA-B2E8-A46A0BBE17E4}.Release|Any CPU.Build.0 = Release|iPhoneSimulator
		{2FD51EF7-9549-41FA-B2E8-A46A0BBE17E4}.Release|Any CPU.Deploy.0 = Release|iPhoneSimulator
		{2FD51EF7-9549-41FA-B2E8-A46A0BBE17E4}.Release|iPhone.ActiveCfg = Release|iPhone
		{2FD51EF7-9549-41FA-B2E8-A46A0BBE17E4}.Release|iPhone.Build.0 = Release|iPhone
		{2FD51EF7-9549-41FA-B2E8-A46A0BBE17E4}.Release|iPhone.Deploy.0 = Release|iPhone
		{2FD51EF7-9549-41FA-B2E8-A46A0BBE17E4}.Release|iPhoneSimulator.ActiveCfg = Release|iPhoneSimulator
		{2FD51EF7-9549-41FA-B2E8-A46A0BBE17E4}.Release|iPhoneSimulator.Build.0 = Release|iPhoneSimulator
		{2FD51EF7-9549-41FA-B2E8-A46A0BBE17E4}.Release|iPhoneSimulator.Deploy.0 = Release|iPhoneSimulator
		{D36DDD2E-FFCB-40F7-9513-5C576E74428D}.Debug|Any CPU.ActiveCfg = Debug|Any CPU
		{D36DDD2E-FFCB-40F7-9513-5C576E74428D}.Debug|Any CPU.Build.0 = Debug|Any CPU
		{D36DDD2E-FFCB-40F7-9513-5C576E74428D}.Debug|Any CPU.Deploy.0 = Debug|Any CPU
		{D36DDD2E-FFCB-40F7-9513-5C576E74428D}.Debug|iPhone.ActiveCfg = Debug|Any CPU
		{D36DDD2E-FFCB-40F7-9513-5C576E74428D}.Debug|iPhone.Build.0 = Debug|Any CPU
		{D36DDD2E-FFCB-40F7-9513-5C576E74428D}.Debug|iPhone.Deploy.0 = Debug|Any CPU
		{D36DDD2E-FFCB-40F7-9513-5C576E74428D}.Debug|iPhoneSimulator.ActiveCfg = Debug|Any CPU
		{D36DDD2E-FFCB-40F7-9513-5C576E74428D}.Debug|iPhoneSimulator.Build.0 = Debug|Any CPU
		{D36DDD2E-FFCB-40F7-9513-5C576E74428D}.Debug|iPhoneSimulator.Deploy.0 = Debug|Any CPU
		{D36DDD2E-FFCB-40F7-9513-5C576E74428D}.Release|Any CPU.ActiveCfg = Release|Any CPU
		{D36DDD2E-FFCB-40F7-9513-5C576E74428D}.Release|Any CPU.Build.0 = Release|Any CPU
		{D36DDD2E-FFCB-40F7-9513-5C576E74428D}.Release|Any CPU.Deploy.0 = Release|Any CPU
		{D36DDD2E-FFCB-40F7-9513-5C576E74428D}.Release|iPhone.ActiveCfg = Release|Any CPU
		{D36DDD2E-FFCB-40F7-9513-5C576E74428D}.Release|iPhone.Build.0 = Release|Any CPU
		{D36DDD2E-FFCB-40F7-9513-5C576E74428D}.Release|iPhone.Deploy.0 = Release|Any CPU
		{D36DDD2E-FFCB-40F7-9513-5C576E74428D}.Release|iPhoneSimulator.ActiveCfg = Release|Any CPU
		{D36DDD2E-FFCB-40F7-9513-5C576E74428D}.Release|iPhoneSimulator.Build.0 = Release|Any CPU
		{D36DDD2E-FFCB-40F7-9513-5C576E74428D}.Release|iPhoneSimulator.Deploy.0 = Release|Any CPU
	EndGlobalSection
	GlobalSection(SolutionProperties) = preSolution
		HideSolutionNode = FALSE
	EndGlobalSection
	GlobalSection(ExtensibilityGlobals) = postSolution
		SolutionGuid = {EC3E8146-C9F2-4C36-B364-C91868E96A08}
	EndGlobalSection
EndGlobal
